
Microsoft Visual Studio Solution File, Format Version 12.00
# Visual Studio 15
Project("{FAE04EC0-301F-11D3-BF4B-00C04F79EFBC}") = "MerryYellow.CodeAssist.Editor", "MerryYellow.CodeAssist.Editor.csproj", "{CFF00417-FCE1-2D4E-0170-DFD90B3C877C}"
EndProject
Project("{FAE04EC0-301F-11D3-BF4B-00C04F79EFBC}") = "Assembly-CSharp", "Assembly-CSharp.csproj", "{FCD1DA30-0DD1-643A-3EB4-58267C887C01}"
EndProject
Global
	GlobalSection(SolutionConfigurationPlatforms) = preSolution
		Debug|Any CPU = Debug|Any CPU
		Release|Any CPU = Release|Any CPU
	EndGlobalSection
	GlobalSection(ProjectConfigurationPlatforms) = postSolution
		{CFF00417-FCE1-2D4E-0170-DFD90B3C877C}.Debug|Any CPU.ActiveCfg = Debug|Any CPU
		{CFF00417-FCE1-2D4E-0170-DFD90B3C877C}.Debug|Any CPU.Build.0 = Debug|Any CPU
		{CFF00417-FCE1-2D4E-0170-DFD90B3C877C}.Release|Any CPU.ActiveCfg = Release|Any CPU
		{CFF00417-FCE1-2D4E-0170-DFD90B3C877C}.Release|Any CPU.Build.0 = Release|Any CPU
		{FCD1DA30-0DD1-643A-3EB4-58267C887C01}.Debug|Any CPU.ActiveCfg = Debug|Any CPU
		{FCD1DA30-0DD1-643A-3EB4-58267C887C01}.Debug|Any CPU.Build.0 = Debug|Any CPU
		{FCD1DA30-0DD1-643A-3EB4-58267C887C01}.Release|Any CPU.ActiveCfg = Release|Any CPU
		{FCD1DA30-0DD1-643A-3EB4-58267C887C01}.Release|Any CPU.Build.0 = Release|Any CPU
	EndGlobalSection
	GlobalSection(SolutionProperties) = preSolution
		HideSolutionNode = FALSE
	EndGlobalSection
EndGlobal
